
Microsoft Visual Studio Solution File, Format Version 12.00
# Visual Studio Version 17
VisualStudioVersion = 17.5.33424.131
MinimumVisualStudioVersion = 10.0.40219.1
Project("{9A19103F-16F7-4668-BE54-9A1E7A4F7556}") = "BricsSocial.Domain", "src\BricsSocial.Domain\BricsSocial.Domain.csproj", "{28F9A184-47B7-431D-B32C-9C1443E7F7CE}"
EndProject
Project("{2150E333-8FDC-42A3-9474-1A3956D46DE8}") = "src", "src", "{28BE728F-1C64-46B0-A91A-5DF02AD67895}"
EndProject
Project("{9A19103F-16F7-4668-BE54-9A1E7A4F7556}") = "BricsSocial.Infrastructure", "src\BricsSocial.Infrastructure\BricsSocial.Infrastructure.csproj", "{05E2CBA5-83D6-49CC-BDE6-7DA32C31C499}"
EndProject
Project("{9A19103F-16F7-4668-BE54-9A1E7A4F7556}") = "BricsSocial.Api", "src\BricsSocial.Api\BricsSocial.Api.csproj", "{55833978-805E-4F8D-8A5D-13A6912147D2}"
EndProject
Project("{9A19103F-16F7-4668-BE54-9A1E7A4F7556}") = "BricsSocial.Application", "src\BricsSocial.Application\BricsSocial.Application.csproj", "{29063B04-E844-4CC1-994C-70E7CB48040B}"
EndProject
Project("{E53339B2-1760-4266-BCC7-CA923CBCF16C}") = "docker-compose", "docker-compose.dcproj", "{A3E16B96-AE56-4DB1-8FFE-D9DFFEAE9874}"
EndProject
Project("{9A19103F-16F7-4668-BE54-9A1E7A4F7556}") = "BricsSocial.Api.Client.TestApp", "..\src\BricsSocial.Api.Client.TestApp\BricsSocial.Api.Client.TestApp.csproj", "{40511C5C-AA9C-4238-B870-D250EB13FB77}"
EndProject
Global
	GlobalSection(SolutionConfigurationPlatforms) = preSolution
		Debug|Any CPU = Debug|Any CPU
		Release|Any CPU = Release|Any CPU
	EndGlobalSection
	GlobalSection(ProjectConfigurationPlatforms) = postSolution
		{28F9A184-47B7-431D-B32C-9C1443E7F7CE}.Debug|Any CPU.ActiveCfg = Debug|Any CPU
		{28F9A184-47B7-431D-B32C-9C1443E7F7CE}.Debug|Any CPU.Build.0 = Debug|Any CPU
		{28F9A184-47B7-431D-B32C-9C1443E7F7CE}.Release|Any CPU.ActiveCfg = Release|Any CPU
		{28F9A184-47B7-431D-B32C-9C1443E7F7CE}.Release|Any CPU.Build.0 = Release|Any CPU
		{05E2CBA5-83D6-49CC-BDE6-7DA32C31C499}.Debug|Any CPU.ActiveCfg = Debug|Any CPU
		{05E2CBA5-83D6-49CC-BDE6-7DA32C31C499}.Debug|Any CPU.Build.0 = Debug|Any CPU
		{05E2CBA5-83D6-49CC-BDE6-7DA32C31C499}.Release|Any CPU.ActiveCfg = Release|Any CPU
		{05E2CBA5-83D6-49CC-BDE6-7DA32C31C499}.Release|Any CPU.Build.0 = Release|Any CPU
		{55833978-805E-4F8D-8A5D-13A6912147D2}.Debug|Any CPU.ActiveCfg = Debug|Any CPU
		{55833978-805E-4F8D-8A5D-13A6912147D2}.Debug|Any CPU.Build.0 = Debug|Any CPU
		{55833978-805E-4F8D-8A5D-13A6912147D2}.Release|Any CPU.ActiveCfg = Release|Any CPU
		{55833978-805E-4F8D-8A5D-13A6912147D2}.Release|Any CPU.Build.0 = Release|Any CPU
		{29063B04-E844-4CC1-994C-70E7CB48040B}.Debug|Any CPU.ActiveCfg = Debug|Any CPU
		{29063B04-E844-4CC1-994C-70E7CB48040B}.Debug|Any CPU.Build.0 = Debug|Any CPU
		{29063B04-E844-4CC1-994C-70E7CB48040B}.Release|Any CPU.ActiveCfg = Release|Any CPU
		{29063B04-E844-4CC1-994C-70E7CB48040B}.Release|Any CPU.Build.0 = Release|Any CPU
		{A3E16B96-AE56-4DB1-8FFE-D9DFFEAE9874}.Debug|Any CPU.ActiveCfg = Debug|Any CPU
		{A3E16B96-AE56-4DB1-8FFE-D9DFFEAE9874}.Debug|Any CPU.Build.0 = Debug|Any CPU
		{A3E16B96-AE56-4DB1-8FFE-D9DFFEAE9874}.Release|Any CPU.ActiveCfg = Release|Any CPU
		{A3E16B96-AE56-4DB1-8FFE-D9DFFEAE9874}.Release|Any CPU.Build.0 = Release|Any CPU
		{40511C5C-AA9C-4238-B870-D250EB13FB77}.Debug|Any CPU.ActiveCfg = Debug|Any CPU
		{40511C5C-AA9C-4238-B870-D250EB13FB77}.Debug|Any CPU.Build.0 = Debug|Any CPU
		{40511C5C-AA9C-4238-B870-D250EB13FB77}.Release|Any CPU.ActiveCfg = Release|Any CPU
		{40511C5C-AA9C-4238-B870-D250EB13FB77}.Release|Any CPU.Build.0 = Release|Any CPU
	EndGlobalSection
	GlobalSection(SolutionProperties) = preSolution
		HideSolutionNode = FALSE
	EndGlobalSection
	GlobalSection(NestedProjects) = preSolution
		{28F9A184-47B7-431D-B32C-9C1443E7F7CE} = {28BE728F-1C64-46B0-A91A-5DF02AD67895}
		{05E2CBA5-83D6-49CC-BDE6-7DA32C31C499} = {28BE728F-1C64-46B0-A91A-5DF02AD67895}
		{55833978-805E-4F8D-8A5D-13A6912147D2} = {28BE728F-1C64-46B0-A91A-5DF02AD67895}
		{29063B04-E844-4CC1-994C-70E7CB48040B} = {28BE728F-1C64-46B0-A91A-5DF02AD67895}
		{40511C5C-AA9C-4238-B870-D250EB13FB77} = {28BE728F-1C64-46B0-A91A-5DF02AD67895}
	EndGlobalSection
	GlobalSection(ExtensibilityGlobals) = postSolution
		SolutionGuid = {9C5A70F5-8538-4E63-B158-0C6D5EF2BA18}
	EndGlobalSection
EndGlobal
